<?xml version="1.0" encoding="utf-8"?>
<Project ToolsVersion="4.0" xmlns="http://schemas.microsoft.com/developer/msbuild/2003">
  <ItemGroup>
    <ClCompile Include="Bala.cpp" />
    <ClCompile Include="BalaAceite.cpp" />
    <ClCompile Include="BalaAmiga.cpp" />
    <ClCompile Include="BalaEnemiga.cpp" />
    <ClCompile Include="Boton.cpp" />
    <ClCompile Include="Camara.cpp" />
    <ClCompile Include="Cambiante.cpp" />
    <ClCompile Include="Cambio.cpp" />
    <ClCompile Include="contactListener.cpp" />
    <ClCompile Include="Crafteo.cpp" />
    <ClCompile Include="Dron.cpp" />
    <ClCompile Include="Enemigo.cpp" />
    <ClCompile Include="EnemigoBomba.cpp" />
    <ClCompile Include="Entidad.cpp" />
    <ClCompile Include="EstadoPG.cpp" />
    <ClCompile Include="FactoryEntidades.cpp" />
    <ClCompile Include="GameOver.cpp" />
    <ClCompile Include="Helice.cpp" />
    <ClCompile Include="HUD.cpp" />
    <ClCompile Include="HUDImage.cpp" />
    <ClCompile Include="HUDinventory.cpp" />
    <ClCompile Include="HUDObj.cpp" />
    <ClCompile Include="HUDObjeto.cpp" />
    <ClCompile Include="HUDText.cpp" />
    <ClCompile Include="Inventory.cpp" />
    <ClCompile Include="Item.cpp" />
    <ClCompile Include="Jefe1.cpp" />
    <ClCompile Include="Jefe2Bouncer.cpp" />
    <ClCompile Include="Juego.cpp" />
    <ClCompile Include="Jugable.cpp" />
    <ClCompile Include="main.cpp" />
    <ClCompile Include="MapData.cpp" />
    <ClCompile Include="MaquinaDePelotas.cpp" />
    <ClCompile Include="MenuJuego.cpp" />
    <ClCompile Include="MenuPG.cpp" />
    <ClCompile Include="NPC.cpp" />
    <ClCompile Include="ObjetoClave.cpp" />
    <ClCompile Include="ObjetoHistorico.cpp" />
    <ClCompile Include="Objetos1.cpp" />
    <ClCompile Include="Objetos2.cpp" />
    <ClCompile Include="Objetos3.cpp" />
    <ClCompile Include="Opciones.cpp" />
    <ClCompile Include="Pausa.cpp" />
    <ClCompile Include="Perseguidor.cpp" />
    <ClCompile Include="Personaje.cpp" />
    <ClCompile Include="PjDañoArea.cpp" />
    <ClCompile Include="Play.cpp" />
    <ClCompile Include="Puertas.cpp" />
    <ClCompile Include="Room.cpp" />
    <ClCompile Include="SelecZonaMenu.cpp" />
    <ClCompile Include="Sierra.cpp" />
    <ClCompile Include="TexturasSDL.cpp" />
    <ClCompile Include="Tile.cpp" />
    <ClCompile Include="Tostadora.cpp" />
    <ClCompile Include="TrampaElectrica.cpp" />
    <ClCompile Include="ZonaAccion.cpp" />
    <ClCompile Include="ZonaBase.cpp" />
    <ClCompile Include="ZonaBosque.cpp" />
    <ClCompile Include="ZonaDesguace.cpp" />
    <ClCompile Include="ZonaJuego.cpp" />
    <ClCompile Include="BalaHacha.cpp" />
    <ClCompile Include="jefe3g.cpp" />
  </ItemGroup>
  <ItemGroup>
    <ClInclude Include="..\Box2D\include\Box2D\Common\b2Settings.h" />
    <ClInclude Include="Bala.h" />
    <ClInclude Include="BalaAceite.h" />
    <ClInclude Include="BalaAmiga.h" />
    <ClInclude Include="BalaEnemiga.h" />
    <ClInclude Include="Boton.h" />
    <ClInclude Include="Camara.h" />
    <ClInclude Include="Cambiante.h" />
    <ClInclude Include="Cambio.h" />
    <ClInclude Include="checkML.h" />
    <ClInclude Include="Consumible.h" />
    <ClInclude Include="contactListener.h" />
    <ClInclude Include="Crafteo.h" />
    <ClInclude Include="Dron.h" />
    <ClInclude Include="Enemigo.h" />
    <ClInclude Include="EnemigoBomba.h" />
    <ClInclude Include="Entidad.h" />
    <ClInclude Include="EstadoJuego.h" />
    <ClInclude Include="EstadoPG.h" />
    <ClInclude Include="HUDImage.h" />
    <ClInclude Include="HUDObj.h" />
    <ClInclude Include="HUDObjeto.h" />
    <ClInclude Include="HUDText.h" />
    <ClInclude Include="Jefe2Bouncer.h" />
    <ClInclude Include="MenuFinDeZona.h" />
    <ClInclude Include="GameOver.h" />
    <ClInclude Include="Helice.h" />
    <ClInclude Include="HUD.h" />
    <ClInclude Include="HUDbase.h" />
    <ClInclude Include="HUDinventory.h" />
    <ClInclude Include="Inanimado.h" />
    <ClInclude Include="factoriaEntidades.h" />
    <ClInclude Include="Inventory.h" />
    <ClInclude Include="Item.h" />
    <ClInclude Include="Jefe1.h" />
    <ClInclude Include="Juego.h" />
    <ClInclude Include="Jugable.h" />
    <ClInclude Include="MapData.h" />
    <ClInclude Include="LTimer.h" />
    <ClInclude Include="MaquinaDePelotas.h" />
    <ClInclude Include="MenuJuego.h" />
    <ClInclude Include="MenuPG.h" />
    <ClInclude Include="NPC.h" />
    <ClInclude Include="Objeto.h" />
    <ClInclude Include="ObjetoClave.h" />
    <ClInclude Include="ObjetoHistorico.h" />
    <ClInclude Include="Objetos1.h" />
    <ClInclude Include="Objetos2.h" />
    <ClInclude Include="Objetos3.h" />
    <ClInclude Include="Opciones.h" />
    <ClInclude Include="Pausa.h" />
    <ClInclude Include="Perseguidor.h" />
    <ClInclude Include="Personaje.h" />
    <ClInclude Include="PjDañoArea.h" />
    <ClInclude Include="Play.h" />
    <ClInclude Include="Puertas.h" />
    <ClInclude Include="rapidxml-1.13\rapidxml.hpp" />
    <ClInclude Include="rapidxml-1.13\rapidxml_iterators.hpp" />
    <ClInclude Include="rapidxml-1.13\rapidxml_print.hpp" />
    <ClInclude Include="rapidxml-1.13\rapidxml_utils.hpp" />
    <ClInclude Include="recorreFicheros.h" />
    <ClInclude Include="Room.h" />
    <ClInclude Include="SelecZonaMenu.h" />
    <ClInclude Include="Sierra.h" />
    <ClInclude Include="TexturasSDL.h" />
    <ClInclude Include="Tile.h" />
    <ClInclude Include="TileInfo.h" />
    <ClInclude Include="Tostadora.h" />
    <ClInclude Include="TrampaElectrica.h" />
    <ClInclude Include="Zona.h" />
    <ClInclude Include="ZonaAccion.h" />
    <ClInclude Include="ZonaBase.h" />
    <ClInclude Include="ZonaBosque.h" />
    <ClInclude Include="ZonaDesguace.h" />
    <ClInclude Include="ZonaJuego.h" />
    <ClInclude Include="BalaHacha.h" />
    <ClInclude Include="jefe3g.h" />
  </ItemGroup>
</Project>