<?xml version="1.0" encoding="utf-8"?>
<Project ToolsVersion="4.0" xmlns="http://schemas.microsoft.com/developer/msbuild/2003">
  <ItemGroup>
    <Filter Include="Source Files">
      <UniqueIdentifier>{4FC737F1-C7A5-4376-A066-2A32D752A2FF}</UniqueIdentifier>
      <Extensions>cpp;c;cc;cxx;def;odl;idl;hpj;bat;asm;asmx</Extensions>
    </Filter>
    <Filter Include="Header Files">
      <UniqueIdentifier>{93995380-89BD-4b04-88EB-625FBE52EBFB}</UniqueIdentifier>
      <Extensions>h;hh;hpp;hxx;hm;inl;inc;xsd</Extensions>
    </Filter>
    <Filter Include="Source Files\Estados">
      <UniqueIdentifier>{590f91db-3947-4e28-9537-cf0feb03a726}</UniqueIdentifier>
    </Filter>
    <Filter Include="Header Files\Estados">
      <UniqueIdentifier>{8325033d-6f99-4207-a9a0-4746d440fd7c}</UniqueIdentifier>
    </Filter>
    <Filter Include="Source Files\Zonas">
      <UniqueIdentifier>{ad6fa305-589d-4a21-917b-93cc90f4864d}</UniqueIdentifier>
    </Filter>
    <Filter Include="Header Files\Zonas">
      <UniqueIdentifier>{b38e206b-f2dc-42cb-ada3-805e8449fcfb}</UniqueIdentifier>
    </Filter>
    <Filter Include="Source Files\Objetos">
      <UniqueIdentifier>{7fcdfe9c-10d8-4aaf-84af-f9c9f5355d6a}</UniqueIdentifier>
    </Filter>
    <Filter Include="Header Files\Objetos">
      <UniqueIdentifier>{4f81995e-9314-40a4-a0c3-d016f0f2a38e}</UniqueIdentifier>
    </Filter>
    <Filter Include="Source Files\Personajes">
      <UniqueIdentifier>{92570785-0c74-41ce-9849-d34eb43092d8}</UniqueIdentifier>
    </Filter>
    <Filter Include="Source Files\Personajes\Jugables">
      <UniqueIdentifier>{9ce16ad4-b248-4c30-8bf8-526e856f47d2}</UniqueIdentifier>
    </Filter>
    <Filter Include="Source Files\Personajes\Enemigos">
      <UniqueIdentifier>{e194d101-3e45-4928-8ca9-736b868a233c}</UniqueIdentifier>
    </Filter>
    <Filter Include="Header Files\Personajes">
      <UniqueIdentifier>{f0bbc808-8510-4bfe-a805-567fecf18193}</UniqueIdentifier>
    </Filter>
    <Filter Include="Header Files\Personajes\Jugables">
      <UniqueIdentifier>{4608a13c-4dac-4bfc-b471-b82276c5ec66}</UniqueIdentifier>
    </Filter>
    <Filter Include="Header Files\Personajes\Enemigos">
      <UniqueIdentifier>{5a4852db-ef01-46c9-b090-0687a9b502dc}</UniqueIdentifier>
    </Filter>
    <Filter Include="Source Files\SDL">
      <UniqueIdentifier>{55704a4e-c834-4b9f-8cce-294abf7c1169}</UniqueIdentifier>
    </Filter>
    <Filter Include="Header Files\SDL">
      <UniqueIdentifier>{84ed9788-d61e-4f02-8ee6-271f15176eec}</UniqueIdentifier>
    </Filter>
    <Filter Include="Source Files\Box2D">
      <UniqueIdentifier>{4b73f445-931a-46bb-8f3f-f65843c74835}</UniqueIdentifier>
    </Filter>
    <Filter Include="Header Files\Box2D">
      <UniqueIdentifier>{e10e0674-063e-4ae6-871d-8b5f4a92bf84}</UniqueIdentifier>
    </Filter>
    <Filter Include="Source Files\Niveles">
      <UniqueIdentifier>{417ae4ff-249b-4bbc-96c6-954c9e1da5d0}</UniqueIdentifier>
    </Filter>
    <Filter Include="Header Files\Niveles">
      <UniqueIdentifier>{b12b9acc-3275-4025-8b00-0b95b19e89c9}</UniqueIdentifier>
    </Filter>
    <Filter Include="Header Files\TMX">
      <UniqueIdentifier>{ba7757f7-d3fd-44ad-a066-cf9b3ac85965}</UniqueIdentifier>
    </Filter>
    <Filter Include="Source Files\Estados\Menus">
      <UniqueIdentifier>{25a8acda-fd01-4216-ae50-be9bf08d4731}</UniqueIdentifier>
    </Filter>
    <Filter Include="Header Files\Estados\Menus">
      <UniqueIdentifier>{c795ee78-417a-482b-a463-5ff5a5b1199a}</UniqueIdentifier>
    </Filter>
  </ItemGroup>
  <ItemGroup>
    <ClCompile Include="main.cpp">
      <Filter>Source Files</Filter>
    </ClCompile>
    <ClCompile Include="Juego.cpp">
      <Filter>Source Files</Filter>
    </ClCompile>
    <ClCompile Include="Entidad.cpp">
      <Filter>Source Files</Filter>
    </ClCompile>
    <ClCompile Include="Camara.cpp">
      <Filter>Source Files</Filter>
    </ClCompile>
    <ClCompile Include="Tile.cpp">
      <Filter>Source Files</Filter>
    </ClCompile>
    <ClCompile Include="EstadoPG.cpp">
      <Filter>Source Files\Estados</Filter>
    </ClCompile>
    <ClCompile Include="Play.cpp">
      <Filter>Source Files\Estados</Filter>
    </ClCompile>
    <ClCompile Include="Perseguidor.cpp">
      <Filter>Source Files\Personajes\Enemigos</Filter>
    </ClCompile>
    <ClCompile Include="NPC.cpp">
      <Filter>Source Files\Personajes\Enemigos</Filter>
    </ClCompile>
    <ClCompile Include="Enemigo.cpp">
      <Filter>Source Files\Personajes\Enemigos</Filter>
    </ClCompile>
    <ClCompile Include="Tostadora.cpp">
      <Filter>Source Files\Personajes\Jugables</Filter>
    </ClCompile>
    <ClCompile Include="Jugable.cpp">
      <Filter>Source Files\Personajes\Jugables</Filter>
    </ClCompile>
    <ClCompile Include="ZonaAccion.cpp">
      <Filter>Source Files\Zonas</Filter>
    </ClCompile>
    <ClCompile Include="ObjetoHistorico.cpp">
      <Filter>Source Files\Objetos</Filter>
    </ClCompile>
    <ClCompile Include="ObjetoClave.cpp">
      <Filter>Source Files\Objetos</Filter>
    </ClCompile>
    <ClCompile Include="Item.cpp">
      <Filter>Source Files\Objetos</Filter>
    </ClCompile>
    <ClCompile Include="Boton.cpp">
      <Filter>Source Files\Objetos</Filter>
    </ClCompile>
    <ClCompile Include="Personaje.cpp">
      <Filter>Source Files\Personajes</Filter>
    </ClCompile>
    <ClCompile Include="TexturasSDL.cpp">
      <Filter>Source Files\SDL</Filter>
    </ClCompile>
    <ClCompile Include="contactListener.cpp">
      <Filter>Source Files\Box2D</Filter>
    </ClCompile>
    <ClCompile Include="Room.cpp">
      <Filter>Source Files\Niveles</Filter>
    </ClCompile>
    <ClCompile Include="HUD.cpp">
      <Filter>Source Files</Filter>
    </ClCompile>
    <ClCompile Include="Bala.cpp">
      <Filter>Source Files\Objetos</Filter>
    </ClCompile>
    <ClCompile Include="MaquinaDePelotas.cpp">
      <Filter>Source Files\Personajes\Enemigos</Filter>
    </ClCompile>
    <ClCompile Include="Bala.cpp">
      <Filter>Source Files</Filter>
    </ClCompile>
    <ClCompile Include="MaquinaDePelotas.cpp">
      <Filter>Source Files</Filter>
    </ClCompile>
    <ClCompile Include="EnemigoBomba.cpp">
      <Filter>Source Files\Personajes\Enemigos</Filter>
    </ClCompile>
    <ClCompile Include="Helice.cpp">
      <Filter>Source Files\Personajes\Enemigos</Filter>
    </ClCompile>
    <ClCompile Include="Sierra.cpp">
      <Filter>Source Files\Personajes\Enemigos</Filter>
    </ClCompile>
    <ClCompile Include="FactoryEntidades.cpp">
      <Filter>Source Files</Filter>
    </ClCompile>
    <ClCompile Include="ZonaJuego.cpp">
      <Filter>Source Files\Zonas</Filter>
    </ClCompile>
    <ClCompile Include="ZonaBase.cpp">
      <Filter>Source Files\Zonas</Filter>
    </ClCompile>
    <ClCompile Include="MapData.cpp">
      <Filter>Source Files\Niveles</Filter>
    </ClCompile>
    <ClCompile Include="ZonaDesguace.cpp">
      <Filter>Source Files\Zonas</Filter>
    </ClCompile>
    <ClCompile Include="Cambiante.cpp">
      <Filter>Source Files\Personajes\Jugables</Filter>
    </ClCompile>
    <ClCompile Include="BalaAceite.cpp">
      <Filter>Source Files</Filter>
    </ClCompile>
    <ClCompile Include="BalaAmiga.cpp">
      <Filter>Source Files</Filter>
    </ClCompile>
    <ClCompile Include="BalaEnemiga.cpp">
      <Filter>Source Files</Filter>
    </ClCompile>
    <ClCompile Include="Jefe1.cpp">
      <Filter>Source Files</Filter>
    </ClCompile>
    <ClCompile Include="PjDañoArea.cpp">
      <Filter>Source Files\Personajes\Jugables</Filter>
    </ClCompile>
    <ClCompile Include="Cambio.cpp">
      <Filter>Source Files\Estados</Filter>
    </ClCompile>
    <ClCompile Include="Dron.cpp">
      <Filter>Source Files\Personajes\Enemigos</Filter>
    </ClCompile>
    <ClCompile Include="TrampaElectrica.cpp">
      <Filter>Source Files\Personajes\Enemigos</Filter>
    </ClCompile>
    <ClCompile Include="Inventory.cpp">
      <Filter>Source Files</Filter>
    </ClCompile>
    <ClCompile Include="HUDinventory.cpp">
      <Filter>Source Files</Filter>
    </ClCompile>
    <ClCompile Include="Puertas.cpp">
      <Filter>Source Files</Filter>
    </ClCompile>
    <ClCompile Include="Jefe2Bouncer.cpp">
      <Filter>Source Files</Filter>
    </ClCompile>
    <ClCompile Include="MenuJuego.cpp">
      <Filter>Source Files\Estados</Filter>
    </ClCompile>
    <ClCompile Include="MenuPG.cpp">
      <Filter>Source Files\Estados\Menus</Filter>
    </ClCompile>
    <ClCompile Include="SelecZonaMenu.cpp">
      <Filter>Source Files\Estados\Menus</Filter>
    </ClCompile>
    <ClCompile Include="Crafteo.cpp">
      <Filter>Source Files\Estados\Menus</Filter>
    </ClCompile>
    <ClCompile Include="Objetos1.cpp">
      <Filter>Source Files\Estados\Menus</Filter>
    </ClCompile>
    <ClCompile Include="Objetos2.cpp">
      <Filter>Source Files\Estados\Menus</Filter>
    </ClCompile>
    <ClCompile Include="Objetos3.cpp">
      <Filter>Source Files\Estados\Menus</Filter>
    </ClCompile>
    <ClCompile Include="Pausa.cpp">
      <Filter>Source Files\Estados\Menus</Filter>
    </ClCompile>
    <ClCompile Include="GameOver.cpp">
      <Filter>Source Files\Estados\Menus</Filter>
    </ClCompile>
    <ClCompile Include="ZonaBosque.cpp">
      <Filter>Source Files\Zonas</Filter>
    </ClCompile>
    <ClCompile Include="Historia.cpp">
      <Filter>Source Files</Filter>
    </ClCompile>
    <ClCompile Include="MarcoHistorico.cpp">
      <Filter>Source Files</Filter>
    </ClCompile>
  </ItemGroup>
  <ItemGroup>
    <ClInclude Include="Juego.h">
      <Filter>Header Files</Filter>
    </ClInclude>
    <ClInclude Include="Entidad.h">
      <Filter>Header Files</Filter>
    </ClInclude>
    <ClInclude Include="Objeto.h">
      <Filter>Header Files</Filter>
    </ClInclude>
    <ClInclude Include="checkML.h">
      <Filter>Header Files</Filter>
    </ClInclude>
    <ClInclude Include="Camara.h">
      <Filter>Header Files</Filter>
    </ClInclude>
    <ClInclude Include="TileInfo.h">
      <Filter>Header Files</Filter>
    </ClInclude>
    <ClInclude Include="Play.h">
      <Filter>Header Files\Estados</Filter>
    </ClInclude>
    <ClInclude Include="EstadoJuego.h">
      <Filter>Header Files\Estados</Filter>
    </ClInclude>
    <ClInclude Include="EstadoPG.h">
      <Filter>Header Files\Estados</Filter>
    </ClInclude>
    <ClInclude Include="Perseguidor.h">
      <Filter>Header Files\Personajes\Enemigos</Filter>
    </ClInclude>
    <ClInclude Include="NPC.h">
      <Filter>Header Files\Personajes\Enemigos</Filter>
    </ClInclude>
    <ClInclude Include="Enemigo.h">
      <Filter>Header Files\Personajes\Enemigos</Filter>
    </ClInclude>
    <ClInclude Include="Jugable.h">
      <Filter>Header Files\Personajes\Jugables</Filter>
    </ClInclude>
    <ClInclude Include="Tostadora.h">
      <Filter>Header Files\Personajes\Jugables</Filter>
    </ClInclude>
    <ClInclude Include="ZonaAccion.h">
      <Filter>Header Files\Zonas</Filter>
    </ClInclude>
    <ClInclude Include="ObjetoHistorico.h">
      <Filter>Header Files\Objetos</Filter>
    </ClInclude>
    <ClInclude Include="ObjetoClave.h">
      <Filter>Header Files\Objetos</Filter>
    </ClInclude>
    <ClInclude Include="Item.h">
      <Filter>Header Files\Objetos</Filter>
    </ClInclude>
    <ClInclude Include="Consumible.h">
      <Filter>Header Files\Objetos</Filter>
    </ClInclude>
    <ClInclude Include="Boton.h">
      <Filter>Header Files\Objetos</Filter>
    </ClInclude>
    <ClInclude Include="Personaje.h">
      <Filter>Header Files\Personajes</Filter>
    </ClInclude>
    <ClInclude Include="TexturasSDL.h">
      <Filter>Header Files\SDL</Filter>
    </ClInclude>
    <ClInclude Include="contactListener.h">
      <Filter>Header Files\Box2D</Filter>
    </ClInclude>
    <ClInclude Include="Room.h">
      <Filter>Header Files\Niveles</Filter>
    </ClInclude>
    <ClInclude Include="HUD.h">
      <Filter>Header Files</Filter>
    </ClInclude>
    <ClInclude Include="HUDbase.h">
      <Filter>Header Files</Filter>
    </ClInclude>
    <ClInclude Include="Bala.h">
      <Filter>Header Files\Objetos</Filter>
    </ClInclude>
    <ClInclude Include="MaquinaDePelotas.h">
      <Filter>Header Files\Personajes\Enemigos</Filter>
    </ClInclude>
    <ClInclude Include="Bala.h">
      <Filter>Header Files</Filter>
    </ClInclude>
    <ClInclude Include="MaquinaDePelotas.h">
      <Filter>Header Files</Filter>
    </ClInclude>
    <ClInclude Include="Tile.h">
      <Filter>Header Files</Filter>
    </ClInclude>
    <ClInclude Include="EnemigoBomba.h">
      <Filter>Header Files\Personajes\Enemigos</Filter>
    </ClInclude>
    <ClInclude Include="Inanimado.h">
      <Filter>Header Files\Objetos</Filter>
    </ClInclude>
    <ClInclude Include="recorreFicheros.h">
      <Filter>Source Files</Filter>
    </ClInclude>
    <ClInclude Include="Helice.h">
      <Filter>Header Files\Personajes\Enemigos</Filter>
    </ClInclude>
    <ClInclude Include="Sierra.h">
      <Filter>Header Files\Personajes\Enemigos</Filter>
    </ClInclude>
    <ClInclude Include="ZonaJuego.h">
      <Filter>Header Files\Zonas</Filter>
    </ClInclude>
    <ClInclude Include="ZonaBase.h">
      <Filter>Header Files\Zonas</Filter>
    </ClInclude>
    <ClInclude Include="Zona.h">
      <Filter>Header Files\Zonas</Filter>
    </ClInclude>
    <ClInclude Include="rapidxml-1.13\rapidxml.hpp">
      <Filter>Header Files\TMX</Filter>
    </ClInclude>
    <ClInclude Include="rapidxml-1.13\rapidxml_utils.hpp">
      <Filter>Header Files\TMX</Filter>
    </ClInclude>
    <ClInclude Include="rapidxml-1.13\rapidxml_iterators.hpp">
      <Filter>Header Files\TMX</Filter>
    </ClInclude>
    <ClInclude Include="rapidxml-1.13\rapidxml_print.hpp">
      <Filter>Header Files\TMX</Filter>
    </ClInclude>
    <ClInclude Include="ZonaDesguace.h">
      <Filter>Header Files\Zonas</Filter>
    </ClInclude>
    <ClInclude Include="factoriaEntidades.h">
      <Filter>Header Files</Filter>
    </ClInclude>
    <ClInclude Include="MapData.h">
      <Filter>Header Files\Niveles</Filter>
    </ClInclude>
    <ClInclude Include="Cambiante.h">
      <Filter>Header Files\Personajes\Jugables</Filter>
    </ClInclude>
    <ClInclude Include="Jefe1.h">
      <Filter>Header Files</Filter>
    </ClInclude>
    <ClInclude Include="LTimer.h">
      <Filter>Header Files</Filter>
    </ClInclude>
    <ClInclude Include="BalaAceite.h">
      <Filter>Header Files</Filter>
    </ClInclude>
    <ClInclude Include="BalaAmiga.h">
      <Filter>Header Files</Filter>
    </ClInclude>
    <ClInclude Include="BalaEnemiga.h">
      <Filter>Header Files</Filter>
    </ClInclude>
    <ClInclude Include="PjDañoArea.h">
      <Filter>Header Files\Personajes\Jugables</Filter>
    </ClInclude>
    <ClInclude Include="Cambio.h">
      <Filter>Header Files\Estados</Filter>
    </ClInclude>
    <ClInclude Include="Dron.h">
      <Filter>Header Files</Filter>
    </ClInclude>
    <ClInclude Include="TrampaElectrica.h">
      <Filter>Header Files</Filter>
    </ClInclude>
    <ClInclude Include="..\Box2D\include\Box2D\Common\b2Settings.h">
      <Filter>Header Files</Filter>
    </ClInclude>
    <ClInclude Include="Inventory.h">
      <Filter>Header Files</Filter>
    </ClInclude>
    <ClInclude Include="HUDinventory.h">
      <Filter>Header Files</Filter>
    </ClInclude>
    <ClInclude Include="Puertas.h">
      <Filter>Header Files</Filter>
    </ClInclude>
    <ClInclude Include="Jefe2Bouncer.h">
      <Filter>Header Files</Filter>
    </ClInclude>
    <ClInclude Include="MenuPG.h">
      <Filter>Header Files\Estados\Menus</Filter>
    </ClInclude>
    <ClInclude Include="SelecZonaMenu.h">
      <Filter>Header Files\Estados\Menus</Filter>
    </ClInclude>
    <ClInclude Include="MenuJuego.h">
      <Filter>Header Files\Estados</Filter>
    </ClInclude>
    <ClInclude Include="Pausa.h">
      <Filter>Header Files\Estados\Menus</Filter>
    </ClInclude>
    <ClInclude Include="Objetos1.h">
      <Filter>Header Files\Estados\Menus</Filter>
    </ClInclude>
    <ClInclude Include="Objetos2.h">
      <Filter>Header Files\Estados\Menus</Filter>
    </ClInclude>
    <ClInclude Include="Objetos3.h">
      <Filter>Header Files\Estados\Menus</Filter>
    </ClInclude>
    <ClInclude Include="MenuFinDeZona.h">
      <Filter>Header Files\Estados\Menus</Filter>
    </ClInclude>
    <ClInclude Include="GameOver.h">
      <Filter>Header Files\Estados\Menus</Filter>
    </ClInclude>
    <ClInclude Include="Crafteo.h">
      <Filter>Header Files\Estados\Menus</Filter>
    </ClInclude>
    <ClInclude Include="ZonaBosque.h">
      <Filter>Header Files\Zonas</Filter>
    </ClInclude>
    <ClInclude Include="Historia.h">
      <Filter>Header Files</Filter>
    </ClInclude>
    <ClInclude Include="MarcoHistorico.h">
      <Filter>Header Files</Filter>
    </ClInclude>
  </ItemGroup>
</Project>