<?xml version="1.0" encoding="utf-8"?>
<Project ToolsVersion="4.0" xmlns="http://schemas.microsoft.com/developer/msbuild/2003">
  <ItemGroup>
    <Filter Include="Source Files">
      <UniqueIdentifier>{4FC737F1-C7A5-4376-A066-2A32D752A2FF}</UniqueIdentifier>
      <Extensions>cpp;c;cc;cxx;def;odl;idl;hpj;bat;asm;asmx</Extensions>
    </Filter>
    <Filter Include="Header Files">
      <UniqueIdentifier>{93995380-89BD-4b04-88EB-625FBE52EBFB}</UniqueIdentifier>
      <Extensions>h;hh;hpp;hxx;hm;inl;inc;xsd</Extensions>
    </Filter>
    <Filter Include="Resource Files">
      <UniqueIdentifier>{67DA6AB6-F800-4c08-8B7A-83BB121AAD01}</UniqueIdentifier>
      <Extensions>rc;ico;cur;bmp;dlg;rc2;rct;bin;rgs;gif;jpg;jpeg;jpe;resx;tiff;tif;png;wav;mfcribbon-ms</Extensions>
    </Filter>
  </ItemGroup>
  <ItemGroup>
    <ClCompile Include="Personaje.cpp">
      <Filter>Source Files</Filter>
    </ClCompile>
    <ClCompile Include="Jugable.cpp">
      <Filter>Source Files</Filter>
    </ClCompile>
    <ClCompile Include="Tostadora.cpp">
      <Filter>Source Files</Filter>
    </ClCompile>
    <ClCompile Include="main.cpp">
      <Filter>Source Files</Filter>
    </ClCompile>
    <ClCompile Include="TexturasSDL.cpp">
      <Filter>Source Files</Filter>
    </ClCompile>
    <ClCompile Include="Juego.cpp">
      <Filter>Source Files</Filter>
    </ClCompile>
    <ClCompile Include="Entidad.cpp">
      <Filter>Source Files</Filter>
    </ClCompile>
    <ClCompile Include="contactListener.cpp">
      <Filter>Source Files</Filter>
    </ClCompile>
    <ClCompile Include="Item.cpp">
      <Filter>Source Files</Filter>
    </ClCompile>
    <ClCompile Include="ObjetoClave.cpp">
      <Filter>Source Files</Filter>
    </ClCompile>
    <ClCompile Include="ObjetoHistorico.cpp">
      <Filter>Source Files</Filter>
    </ClCompile>
    <ClCompile Include="NPC.cpp">
      <Filter>Source Files</Filter>
    </ClCompile>
    <ClCompile Include="Enemigo.cpp">
      <Filter>Source Files</Filter>
    </ClCompile>
    <ClCompile Include="Boton.cpp">
      <Filter>Source Files</Filter>
    </ClCompile>
    <ClCompile Include="EstadoPG.cpp">
      <Filter>Source Files</Filter>
    </ClCompile>
    <ClCompile Include="GameOver.cpp">
      <Filter>Source Files</Filter>
    </ClCompile>
    <ClCompile Include="MenuPG.cpp">
      <Filter>Source Files</Filter>
    </ClCompile>
    <ClCompile Include="Pausa.cpp">
      <Filter>Source Files</Filter>
    </ClCompile>
    <ClCompile Include="Room.cpp">
      <Filter>Source Files</Filter>
    </ClCompile>
    <ClCompile Include="Camara.cpp">
      <Filter>Source Files</Filter>
    </ClCompile>
    <ClCompile Include="Tile.cpp">
      <Filter>Source Files</Filter>
    </ClCompile>
  </ItemGroup>
  <ItemGroup>
    <ClInclude Include="Personaje.h">
      <Filter>Header Files</Filter>
    </ClInclude>
    <ClInclude Include="Jugable.h">
      <Filter>Header Files</Filter>
    </ClInclude>
    <ClInclude Include="Tostadora.h">
      <Filter>Header Files</Filter>
    </ClInclude>
    <ClInclude Include="TexturasSDL.h">
      <Filter>Header Files</Filter>
    </ClInclude>
    <ClInclude Include="Juego.h">
      <Filter>Header Files</Filter>
    </ClInclude>
    <ClInclude Include="Entidad.h">
      <Filter>Header Files</Filter>
    </ClInclude>
    <ClInclude Include="contactListener.h">
      <Filter>Header Files</Filter>
    </ClInclude>
    <ClInclude Include="Objeto.h">
      <Filter>Header Files</Filter>
    </ClInclude>
    <ClInclude Include="Item.h">
      <Filter>Header Files</Filter>
    </ClInclude>
    <ClInclude Include="Consumible.h">
      <Filter>Header Files</Filter>
    </ClInclude>
    <ClInclude Include="ObjetoClave.h">
      <Filter>Header Files</Filter>
    </ClInclude>
    <ClInclude Include="ObjetoHistorico.h">
      <Filter>Header Files</Filter>
    </ClInclude>
    <ClInclude Include="NPC.h">
      <Filter>Header Files</Filter>
    </ClInclude>
    <ClInclude Include="Enemigo.h">
      <Filter>Header Files</Filter>
    </ClInclude>
    <ClInclude Include="Boton.h">
      <Filter>Header Files</Filter>
    </ClInclude>
    <ClInclude Include="EstadoJuego.h">
      <Filter>Header Files</Filter>
    </ClInclude>
    <ClInclude Include="EstadoPG.h">
      <Filter>Header Files</Filter>
    </ClInclude>
    <ClInclude Include="GameOver.h">
      <Filter>Header Files</Filter>
    </ClInclude>
    <ClInclude Include="MenuPG.h">
      <Filter>Header Files</Filter>
    </ClInclude>
    <ClInclude Include="Pausa.h">
      <Filter>Header Files</Filter>
    </ClInclude>
    <ClInclude Include="Room.h">
      <Filter>Header Files</Filter>
    </ClInclude>
    <ClInclude Include="checkML.h">
      <Filter>Header Files</Filter>
    </ClInclude>
    <ClInclude Include="Camara.h">
      <Filter>Header Files</Filter>
    </ClInclude>
    <ClInclude Include="constructoraRooms.h">
      <Filter>Header Files</Filter>
    </ClInclude>
    <ClInclude Include="TileInfo.h">
      <Filter>Header Files</Filter>
    </ClInclude>
  </ItemGroup>
</Project>